# This file is generated by running "yarn install" inside your project.
# Manual changes might be lost - proceed with caution!

__metadata:
  version: 4

"@discordjs/collection@npm:^0.1.5":
  version: 0.1.5
  resolution: "@discordjs/collection@npm:0.1.5"
  checksum: 3/02e4257f7d8a04cb87d3ec289e5edf8e5e9a8d70ebb2911d98ebd4052f0bc3eaaf7b853169d5cd396d50daa77472840c86be0f1a61931086110cb39c8f27543c
  languageName: node
  linkType: hard

"@discordjs/form-data@npm:^3.0.1":
  version: 3.0.1
  resolution: "@discordjs/form-data@npm:3.0.1"
  dependencies:
    asynckit: ^0.4.0
    combined-stream: ^1.0.8
    mime-types: ^2.1.12
  checksum: 3/2ddf4c9bba170ea325cabae28d8d4f3e2e132a4eded64d242dbaafb514d0109c338a18bd0cab4d3464dca8f2da1c6ddc870ef96b89d7b5ed16f155cd171bf1a4
  languageName: node
  linkType: hard

"abort-controller@npm:^3.0.0":
  version: 3.0.0
  resolution: "abort-controller@npm:3.0.0"
  dependencies:
    event-target-shim: ^5.0.0
  checksum: 3/cc53ad8df9a6de3f55d4f804fca5106908f855e47b572fb5ab3cdd723b76374686dcefa557a2f87d4396db77e31bc0e6ce9d48637388cef6d884c29ad2691448
  languageName: node
  linkType: hard

"asynckit@npm:^0.4.0":
  version: 0.4.0
  resolution: "asynckit@npm:0.4.0"
  checksum: 3/a024000b9ddd938e2f27b3cb8188f96a5e1fff58185e98b84862fc4e01de279a547874a800340c2b106bb9de9b0fc61c6c683bc6892abf65e6be29a96addafd3
  languageName: node
  linkType: hard

"combined-stream@npm:^1.0.8":
  version: 1.0.8
  resolution: "combined-stream@npm:1.0.8"
  dependencies:
    delayed-stream: ~1.0.0
  checksum: 3/5791ce7944530f0db74a97e77ea28b6fdbf89afcf038e41d6b4195019c4c803cd19ed2905a54959e5b3830d50bd5d6f93c681c6d3aaea8614ad43b48e62e9d65
  languageName: node
  linkType: hard

"delayed-stream@npm:~1.0.0":
  version: 1.0.0
  resolution: "delayed-stream@npm:1.0.0"
  checksum: 3/d9dfb0a7c79fd308fada9db2cf29d1ff22047ceb50dd78f7e3c173567909b438f418259cb76a6d9c9f513e88ef41d3a14154f618741ec8368c3efeff616d0c9f
  languageName: node
  linkType: hard

"discord-bot@workspace:.":
  version: 0.0.0-use.local
  resolution: "discord-bot@workspace:."
  dependencies:
    discord.js: ^12.2.0
  languageName: unknown
  linkType: soft

"discord.js@npm:^12.2.0":
  version: 12.2.0
  resolution: "discord.js@npm:12.2.0"
  dependencies:
    "@discordjs/collection": ^0.1.5
    "@discordjs/form-data": ^3.0.1
    abort-controller: ^3.0.0
    node-fetch: ^2.6.0
    prism-media: ^1.2.0
    setimmediate: ^1.0.5
    tweetnacl: ^1.0.3
    ws: ^7.2.1
  peerDependencies:
    bufferutil: ^4.0.1
    erlpack: "*"
    libsodium-wrappers: ^0.7.6
    sodium: ^3.0.2
    utf-8-validate: ^5.0.2
    zlib-sync: ^0.1.6
  peerDependenciesMeta:
    bufferutil:
      optional: true
    erlpack:
      optional: true
    libsodium-wrappers:
      optional: true
    sodium:
      optional: true
    utf-8-validate:
      optional: true
    zlib-sync:
      optional: true
  checksum: 3/c3c2620a27b88dde6497f2eca6840fbdc370b823326ad9d2dcc1bcaf327f658547e7b8c9ce4e1dd5c9af93863328e59867befe9ee4682f9f57e8d72fc4f53fd4
  languageName: node
  linkType: hard

"event-target-shim@npm:^5.0.0":
  version: 5.0.1
  resolution: "event-target-shim@npm:5.0.1"
  checksum: 3/d176477a31adf328ff50148886e46cef3f61ff8bdc1d6db161f6b3ead2501085d5652a81fab8dddc59aed93727231c0b5c8a0948de77ae401b2d977a3d18329e
  languageName: node
  linkType: hard

"mime-db@npm:1.44.0":
  version: 1.44.0
  resolution: "mime-db@npm:1.44.0"
  checksum: 3/b4e3b2141418572fba9786f7e36324faef15e23032ad0871f56760cb304ee721ba4c8cc795d3c1cac69a2a8b94045c1d6b08c4a8d1ef6ba1226a3a5193915c57
  languageName: node
  linkType: hard

"mime-types@npm:^2.1.12":
  version: 2.1.27
  resolution: "mime-types@npm:2.1.27"
  dependencies:
    mime-db: 1.44.0
  checksum: 3/51fe2f2c08c10ac7a2f67e2ce5de30f6500faa88d095418a1ab6e90e30960db7c682a8ecce60d3d4e293ac52c4700ca99399833db998ea9ec83d6f0503b70a94
  languageName: node
  linkType: hard

"node-fetch@npm:^2.6.0":
  version: 2.6.0
  resolution: "node-fetch@npm:2.6.0"
  checksum: 3/dd9f586a9f7ddb7dd94d2aba9cb693d32f5001e9850098512fbc8a4cbdd56838afa08ed0a6725b9fce9b01ec12b713e622cbfc16d92762d8b937b238330a632a
  languageName: node
  linkType: hard

"prism-media@npm:^1.2.0":
  version: 1.2.2
  resolution: "prism-media@npm:1.2.2"
  peerDependencies:
    "@discordjs/opus": ^0.1.0
    ffmpeg-static: ^2.4.0 || ^3.0.0
    node-opus: ^0.3.1
    opusscript: ^0.0.6
  peerDependenciesMeta:
    "@discordjs/opus":
      optional: true
    ffmpeg-static:
      optional: true
    node-opus:
      optional: true
    opusscript:
      optional: true
  checksum: 3/fa992731ff55d1b798329801d7b4e020bef870196d4cbd23d11425eefdd64b98ba2303a8071a4a0acd37822c7a0af96b39c325e0c65b99756cd27610b5491001
  languageName: node
  linkType: hard

"setimmediate@npm:^1.0.5":
  version: 1.0.5
  resolution: "setimmediate@npm:1.0.5"
  checksum: 3/87884d8add4779fe47ccf763396a5bf875640ae34d80a10802da4de5c25d87647c12f6e7748fd5b8c143b57201caf2a5a781631456c228825f166ca305c12f20
  languageName: node
  linkType: hard

"tweetnacl@npm:^1.0.3":
  version: 1.0.3
  resolution: "tweetnacl@npm:1.0.3"
  checksum: 3/1188f3ef85db04d6dba632d211e481ae0a5805974491633ff60bd56ae3362312dfea1515e0d200685867b69ff212e8778e26923f8203e3c335064b07f620a6c7
  languageName: node
  linkType: hard

"ws@npm:^7.2.1":
  version: 7.3.0
  resolution: "ws@npm:7.3.0"
  peerDependencies:
    bufferutil: ^4.0.1
    utf-8-validate: ^5.0.2
  peerDependenciesMeta:
    bufferutil:
      optional: true
    utf-8-validate:
      optional: true
  checksum: 3/c1f386013bd30afa9e4d0aa28eee85767a9e1b8fa74fc482eac503840f1012c2c1339745be36b0737f0245515646892b6073e376deac911a7bdf1ec90fc0f86f
  languageName: node
  linkType: hard
